{
  "requires": true,
  "lockfileVersion": 1,
  "dependencies": {
    "creditcard.js": {
      "version": "2.1.6",
      "resolved": "https://registry.npmjs.org/creditcard.js/-/creditcard.js-2.1.6.tgz",
      "integrity": "sha512-8fVhXYIIF/30tKSsnT6T0xg3e8Mc/Fg6/ZmgaBhAw+AeGCUWlxVYJH4xTbgwNzEqBWsNatX7c47f0DNNGkc5xA=="
    }
  }
}
